
Microsoft Visual Studio Solution File, Format Version 11.00
# Visual Studio 2010
Project("{FAE04EC0-301F-11D3-BF4B-00C04F79EFBC}") = "MriyaDiscussionDashboard", "MriyaDiscussionDashboard\MriyaDiscussionDashboard.csproj", "{7844C403-9A30-472B-A635-072CF9E658CB}"
EndProject
Project("{2150E333-8FDC-42A3-9474-1A3956D46DE8}") = "Solution Items", "Solution Items", "{39F54D38-974A-4E45-937A-82F25A393490}"
	ProjectSection(SolutionItems) = preProject
		Discussion Dashboard.css = Discussion Dashboard.css
	EndProjectSection
EndProject
Global
	GlobalSection(SolutionConfigurationPlatforms) = preSolution
		Debug|Any CPU = Debug|Any CPU
		Release|Any CPU = Release|Any CPU
	EndGlobalSection
	GlobalSection(ProjectConfigurationPlatforms) = postSolution
		{7844C403-9A30-472B-A635-072CF9E658CB}.Debug|Any CPU.ActiveCfg = Debug|Any CPU
		{7844C403-9A30-472B-A635-072CF9E658CB}.Debug|Any CPU.Build.0 = Debug|Any CPU
		{7844C403-9A30-472B-A635-072CF9E658CB}.Debug|Any CPU.Deploy.0 = Debug|Any CPU
		{7844C403-9A30-472B-A635-072CF9E658CB}.Release|Any CPU.ActiveCfg = Release|Any CPU
		{7844C403-9A30-472B-A635-072CF9E658CB}.Release|Any CPU.Build.0 = Release|Any CPU
		{7844C403-9A30-472B-A635-072CF9E658CB}.Release|Any CPU.Deploy.0 = Release|Any CPU
	EndGlobalSection
	GlobalSection(SolutionProperties) = preSolution
		HideSolutionNode = FALSE
	EndGlobalSection
EndGlobal
