
Microsoft Visual Studio Solution File, Format Version 11.00
# Visual Studio 2010
Project("{FAE04EC0-301F-11D3-BF4B-00C04F79EFBC}") = "MriyaStaffWebparts", "MriyaStaffWebparts\MriyaStaffWebparts.csproj", "{27480173-88D9-4EAC-80E2-5CC93AC49855}"
EndProject
Project("{FAE04EC0-301F-11D3-BF4B-00C04F79EFBC}") = "MriyaStaffDAL", "MriyaStaffDAL\MriyaStaffDAL.csproj", "{079B7A20-CCCF-4924-B4F9-BE8E113202B7}"
EndProject
Global
	GlobalSection(SolutionConfigurationPlatforms) = preSolution
		Debug|Any CPU = Debug|Any CPU
		Release|Any CPU = Release|Any CPU
	EndGlobalSection
	GlobalSection(ProjectConfigurationPlatforms) = postSolution
		{27480173-88D9-4EAC-80E2-5CC93AC49855}.Debug|Any CPU.ActiveCfg = Debug|Any CPU
		{27480173-88D9-4EAC-80E2-5CC93AC49855}.Debug|Any CPU.Build.0 = Debug|Any CPU
		{27480173-88D9-4EAC-80E2-5CC93AC49855}.Debug|Any CPU.Deploy.0 = Debug|Any CPU
		{27480173-88D9-4EAC-80E2-5CC93AC49855}.Release|Any CPU.ActiveCfg = Release|Any CPU
		{27480173-88D9-4EAC-80E2-5CC93AC49855}.Release|Any CPU.Build.0 = Release|Any CPU
		{27480173-88D9-4EAC-80E2-5CC93AC49855}.Release|Any CPU.Deploy.0 = Release|Any CPU
		{079B7A20-CCCF-4924-B4F9-BE8E113202B7}.Debug|Any CPU.ActiveCfg = Debug|Any CPU
		{079B7A20-CCCF-4924-B4F9-BE8E113202B7}.Debug|Any CPU.Build.0 = Debug|Any CPU
		{079B7A20-CCCF-4924-B4F9-BE8E113202B7}.Release|Any CPU.ActiveCfg = Release|Any CPU
		{079B7A20-CCCF-4924-B4F9-BE8E113202B7}.Release|Any CPU.Build.0 = Release|Any CPU
	EndGlobalSection
	GlobalSection(SolutionProperties) = preSolution
		HideSolutionNode = FALSE
	EndGlobalSection
EndGlobal
